// !$*UTF8*$!
{
	archiveVersion = 1;
	classes = {
	};
	objectVersion = 55;
	objects = {

/* Begin PBXBuildFile section */
		2A7A00B45B2F7C2E8C4C7FB6 /* Pods_CestaDaCica.framework in Frameworks */ = {isa = PBXBuildFile; fileRef = FA017834575ECD2ADCFADD5D /* Pods_CestaDaCica.framework */; };
		B15EBFB32A40FFCE0091BEE5 /* CestaDaCicaApp.swift in Sources */ = {isa = PBXBuildFile; fileRef = B15EBFB22A40FFCE0091BEE5 /* CestaDaCicaApp.swift */; };
		B15EBFB52A40FFCE0091BEE5 /* ContentView.swift in Sources */ = {isa = PBXBuildFile; fileRef = B15EBFB42A40FFCE0091BEE5 /* ContentView.swift */; };
		B15EBFB72A40FFCF0091BEE5 /* Assets.xcassets in Resources */ = {isa = PBXBuildFile; fileRef = B15EBFB62A40FFCF0091BEE5 /* Assets.xcassets */; };
		B15EBFBA2A40FFCF0091BEE5 /* Preview Assets.xcassets in Resources */ = {isa = PBXBuildFile; fileRef = B15EBFB92A40FFCF0091BEE5 /* Preview Assets.xcassets */; };
		B1B8A2C62A410C3900BC8685 /* three.json in Resources */ = {isa = PBXBuildFile; fileRef = B1B8A2C32A410C3800BC8685 /* three.json */; };
		B1B8A2C72A410C3900BC8685 /* one.json in Resources */ = {isa = PBXBuildFile; fileRef = B1B8A2C42A410C3800BC8685 /* one.json */; };
		B1B8A2C82A410C3900BC8685 /* two.json in Resources */ = {isa = PBXBuildFile; fileRef = B1B8A2C52A410C3900BC8685 /* two.json */; };
/* End PBXBuildFile section */

/* Begin PBXFileReference section */
		56450DD0B7AEA90FE7DB5909 /* Pods-CestaDaCica.debug.xcconfig */ = {isa = PBXFileReference; includeInIndex = 1; lastKnownFileType = text.xcconfig; name = "Pods-CestaDaCica.debug.xcconfig"; path = "Target Support Files/Pods-CestaDaCica/Pods-CestaDaCica.debug.xcconfig"; sourceTree = "<group>"; };
		B15EBFAF2A40FFCE0091BEE5 /* CestaDaCica.app */ = {isa = PBXFileReference; explicitFileType = wrapper.application; includeInIndex = 0; path = CestaDaCica.app; sourceTree = BUILT_PRODUCTS_DIR; };
		B15EBFB22A40FFCE0091BEE5 /* CestaDaCicaApp.swift */ = {isa = PBXFileReference; lastKnownFileType = sourcecode.swift; path = CestaDaCicaApp.swift; sourceTree = "<group>"; };
		B15EBFB42A40FFCE0091BEE5 /* ContentView.swift */ = {isa = PBXFileReference; lastKnownFileType = sourcecode.swift; path = ContentView.swift; sourceTree = "<group>"; };
		B15EBFB62A40FFCF0091BEE5 /* Assets.xcassets */ = {isa = PBXFileReference; lastKnownFileType = folder.assetcatalog; path = Assets.xcassets; sourceTree = "<group>"; };
		B15EBFB92A40FFCF0091BEE5 /* Preview Assets.xcassets */ = {isa = PBXFileReference; lastKnownFileType = folder.assetcatalog; path = "Preview Assets.xcassets"; sourceTree = "<group>"; };
		B1B8A2C32A410C3800BC8685 /* three.json */ = {isa = PBXFileReference; fileEncoding = 4; lastKnownFileType = text.json; path = three.json; sourceTree = "<group>"; };
		B1B8A2C42A410C3800BC8685 /* one.json */ = {isa = PBXFileReference; fileEncoding = 4; lastKnownFileType = text.json; path = one.json; sourceTree = "<group>"; };
		B1B8A2C52A410C3900BC8685 /* two.json */ = {isa = PBXFileReference; fileEncoding = 4; lastKnownFileType = text.json; path = two.json; sourceTree = "<group>"; };
		EDE4B8DE49113ED57FAC02E5 /* Pods-CestaDaCica.release.xcconfig */ = {isa = PBXFileReference; includeInIndex = 1; lastKnownFileType = text.xcconfig; name = "Pods-CestaDaCica.release.xcconfig"; path = "Target Support Files/Pods-CestaDaCica/Pods-CestaDaCica.release.xcconfig"; sourceTree = "<group>"; };
		FA017834575ECD2ADCFADD5D /* Pods_CestaDaCica.framework */ = {isa = PBXFileReference; explicitFileType = wrapper.framework; includeInIndex = 0; path = Pods_CestaDaCica.framework; sourceTree = BUILT_PRODUCTS_DIR; };
/* End PBXFileReference section */

/* Begin PBXFrameworksBuildPhase section */
		B15EBFAC2A40FFCE0091BEE5 /* Frameworks */ = {
			isa = PBXFrameworksBuildPhase;
			buildActionMask = 2147483647;
			files = (
				2A7A00B45B2F7C2E8C4C7FB6 /* Pods_CestaDaCica.framework in Frameworks */,
			);
			runOnlyForDeploymentPostprocessing = 0;
		};
/* End PBXFrameworksBuildPhase section */

/* Begin PBXGroup section */
		297ED8BFB9196EE1E31002CF /* Frameworks */ = {
			isa = PBXGroup;
			children = (
				FA017834575ECD2ADCFADD5D /* Pods_CestaDaCica.framework */,
			);
			name = Frameworks;
			sourceTree = "<group>";
		};
		4396C427CCB3FDBDA5DBEEEB /* Pods */ = {
			isa = PBXGroup;
			children = (
				56450DD0B7AEA90FE7DB5909 /* Pods-CestaDaCica.debug.xcconfig */,
				EDE4B8DE49113ED57FAC02E5 /* Pods-CestaDaCica.release.xcconfig */,
			);
			name = Pods;
			path = Pods;
			sourceTree = "<group>";
		};
		B15EBFA62A40FFCE0091BEE5 = {
			isa = PBXGroup;
			children = (
				B1B8A2C42A410C3800BC8685 /* one.json */,
				B1B8A2C32A410C3800BC8685 /* three.json */,
				B1B8A2C52A410C3900BC8685 /* two.json */,
				B15EBFB12A40FFCE0091BEE5 /* CestaDaCica */,
				B15EBFB02A40FFCE0091BEE5 /* Products */,
				4396C427CCB3FDBDA5DBEEEB /* Pods */,
				297ED8BFB9196EE1E31002CF /* Frameworks */,
			);
			sourceTree = "<group>";
		};
		B15EBFB02A40FFCE0091BEE5 /* Products */ = {
			isa = PBXGroup;
			children = (
				B15EBFAF2A40FFCE0091BEE5 /* CestaDaCica.app */,
			);
			name = Products;
			sourceTree = "<group>";
		};
		B15EBFB12A40FFCE0091BEE5 /* CestaDaCica */ = {
			isa = PBXGroup;
			children = (
				B15EBFB22A40FFCE0091BEE5 /* CestaDaCicaApp.swift */,
				B15EBFB42A40FFCE0091BEE5 /* ContentView.swift */,
				B15EBFB62A40FFCF0091BEE5 /* Assets.xcassets */,
				B15EBFB82A40FFCF0091BEE5 /* Preview Content */,
			);
			path = CestaDaCica;
			sourceTree = "<group>";
		};
		B15EBFB82A40FFCF0091BEE5 /* Preview Content */ = {
			isa = PBXGroup;
			children = (
				B15EBFB92A40FFCF0091BEE5 /* Preview Assets.xcassets */,
			);
			path = "Preview Content";
			sourceTree = "<group>";
		};
/* End PBXGroup section */

/* Begin PBXNativeTarget section */
		B15EBFAE2A40FFCE0091BEE5 /* CestaDaCica */ = {
			isa = PBXNativeTarget;
			buildConfigurationList = B15EBFBD2A40FFCF0091BEE5 /* Build configuration list for PBXNativeTarget "CestaDaCica" */;
			buildPhases = (
				B5106A29416D8205668DC08E /* [CP] Check Pods Manifest.lock */,
				B15EBFAB2A40FFCE0091BEE5 /* Sources */,
				B15EBFAC2A40FFCE0091BEE5 /* Frameworks */,
				B15EBFAD2A40FFCE0091BEE5 /* Resources */,
				42317D94DE1D29CB5C68E3A2 /* [CP] Embed Pods Frameworks */,
			);
			buildRules = (
			);
			dependencies = (
			);
			name = CestaDaCica;
			productName = CestaDaCica;
			productReference = B15EBFAF2A40FFCE0091BEE5 /* CestaDaCica.app */;
			productType = "com.apple.product-type.application";
		};
/* End PBXNativeTarget section */

/* Begin PBXProject section */
		B15EBFA72A40FFCE0091BEE5 /* Project object */ = {
			isa = PBXProject;
			attributes = {
				BuildIndependentTargetsInParallel = 1;
				LastSwiftUpdateCheck = 1340;
				LastUpgradeCheck = 1340;
				TargetAttributes = {
					B15EBFAE2A40FFCE0091BEE5 = {
						CreatedOnToolsVersion = 13.4.1;
					};
				};
			};
			buildConfigurationList = B15EBFAA2A40FFCE0091BEE5 /* Build configuration list for PBXProject "CestaDaCica" */;
			compatibilityVersion = "Xcode 13.0";
			developmentRegion = en;
			hasScannedForEncodings = 0;
			knownRegions = (
				en,
				Base,
			);
			mainGroup = B15EBFA62A40FFCE0091BEE5;
			productRefGroup = B15EBFB02A40FFCE0091BEE5 /* Products */;
			projectDirPath = "";
			projectRoot = "";
			targets = (
				B15EBFAE2A40FFCE0091BEE5 /* CestaDaCica */,
			);
		};
/* End PBXProject section */

/* Begin PBXResourcesBuildPhase section */
		B15EBFAD2A40FFCE0091BEE5 /* Resources */ = {
			isa = PBXResourcesBuildPhase;
			buildActionMask = 2147483647;
			files = (
				B15EBFBA2A40FFCF0091BEE5 /* Preview Assets.xcassets in Resources */,
				B15EBFB72A40FFCF0091BEE5 /* Assets.xcassets in Resources */,
				B1B8A2C72A410C3900BC8685 /* one.json in Resources */,
				B1B8A2C82A410C3900BC8685 /* two.json in Resources */,
				B1B8A2C62A410C3900BC8685 /* three.json in Resources */,
			);
			runOnlyForDeploymentPostprocessing = 0;
		};
/* End PBXResourcesBuildPhase section */

/* Begin PBXShellScriptBuildPhase section */
		42317D94DE1D29CB5C68E3A2 /* [CP] Embed Pods Frameworks */ = {
			isa = PBXShellScriptBuildPhase;
			buildActionMask = 2147483647;
			files = (
			);
			inputFileListPaths = (
				"${PODS_ROOT}/Target Support Files/Pods-CestaDaCica/Pods-CestaDaCica-frameworks-${CONFIGURATION}-input-files.xcfilelist",
			);
			name = "[CP] Embed Pods Frameworks";
			outputFileListPaths = (
				"${PODS_ROOT}/Target Support Files/Pods-CestaDaCica/Pods-CestaDaCica-frameworks-${CONFIGURATION}-output-files.xcfilelist",
			);
			runOnlyForDeploymentPostprocessing = 0;
			shellPath = /bin/sh;
			shellScript = "\"${PODS_ROOT}/Target Support Files/Pods-CestaDaCica/Pods-CestaDaCica-frameworks.sh\"\n";
			showEnvVarsInLog = 0;
		};
		B5106A29416D8205668DC08E /* [CP] Check Pods Manifest.lock */ = {
			isa = PBXShellScriptBuildPhase;
			buildActionMask = 2147483647;
			files = (
			);
			inputFileListPaths = (
			);
			inputPaths = (
				"${PODS_PODFILE_DIR_PATH}/Podfile.lock",
				"${PODS_ROOT}/Manifest.lock",
			);
			name = "[CP] Check Pods Manifest.lock";
			outputFileListPaths = (
			);
			outputPaths = (
				"$(DERIVED_FILE_DIR)/Pods-CestaDaCica-checkManifestLockResult.txt",
			);
			runOnlyForDeploymentPostprocessing = 0;
			shellPath = /bin/sh;
			shellScript = "diff \"${PODS_PODFILE_DIR_PATH}/Podfile.lock\" \"${PODS_ROOT}/Manifest.lock\" > /dev/null\nif [ $? != 0 ] ; then\n    # print error to STDERR\n    echo \"error: The sandbox is not in sync with the Podfile.lock. Run 'pod install' or update your CocoaPods installation.\" >&2\n    exit 1\nfi\n# This output is used by Xcode 'outputs' to avoid re-running this script phase.\necho \"SUCCESS\" > \"${SCRIPT_OUTPUT_FILE_0}\"\n";
			showEnvVarsInLog = 0;
		};
/* End PBXShellScriptBuildPhase section */

/* Begin PBXSourcesBuildPhase section */
		B15EBFAB2A40FFCE0091BEE5 /* Sources */ = {
			isa = PBXSourcesBuildPhase;
			buildActionMask = 2147483647;
			files = (
				B15EBFB52A40FFCE0091BEE5 /* ContentView.swift in Sources */,
				B15EBFB32A40FFCE0091BEE5 /* CestaDaCicaApp.swift in Sources */,
			);
			runOnlyForDeploymentPostprocessing = 0;
		};
/* End PBXSourcesBuildPhase section */

/* Begin XCBuildConfiguration section */
		B15EBFBB2A40FFCF0091BEE5 /* Debug */ = {
			isa = XCBuildConfiguration;
			buildSettings = {
				ALWAYS_SEARCH_USER_PATHS = NO;
				CLANG_ANALYZER_NONNULL = YES;
				CLANG_ANALYZER_NUMBER_OBJECT_CONVERSION = YES_AGGRESSIVE;
				CLANG_CXX_LANGUAGE_STANDARD = "gnu++17";
				CLANG_ENABLE_MODULES = YES;
				CLANG_ENABLE_OBJC_ARC = YES;
				CLANG_ENABLE_OBJC_WEAK = YES;
				CLANG_WARN_BLOCK_CAPTURE_AUTORELEASING = YES;
				CLANG_WARN_BOOL_CONVERSION = YES;
				CLANG_WARN_COMMA = YES;
				CLANG_WARN_CONSTANT_CONVERSION = YES;
				CLANG_WARN_DEPRECATED_OBJC_IMPLEMENTATIONS = YES;
				CLANG_WARN_DIRECT_OBJC_ISA_USAGE = YES_ERROR;
				CLANG_WARN_DOCUMENTATION_COMMENTS = YES;
				CLANG_WARN_EMPTY_BODY = YES;
				CLANG_WARN_ENUM_CONVERSION = YES;
				CLANG_WARN_INFINITE_RECURSION = YES;
				CLANG_WARN_INT_CONVERSION = YES;
				CLANG_WARN_NON_LITERAL_NULL_CONVERSION = YES;
				CLANG_WARN_OBJC_IMPLICIT_RETAIN_SELF = YES;
				CLANG_WARN_OBJC_LITERAL_CONVERSION = YES;
				CLANG_WARN_OBJC_ROOT_CLASS = YES_ERROR;
				CLANG_WARN_QUOTED_INCLUDE_IN_FRAMEWORK_HEADER = YES;
				CLANG_WARN_RANGE_LOOP_ANALYSIS = YES;
				CLANG_WARN_STRICT_PROTOTYPES = YES;
				CLANG_WARN_SUSPICIOUS_MOVE = YES;
				CLANG_WARN_UNGUARDED_AVAILABILITY = YES_AGGRESSIVE;
				CLANG_WARN_UNREACHABLE_CODE = YES;
				CLANG_WARN__DUPLICATE_METHOD_MATCH = YES;
				COPY_PHASE_STRIP = NO;
				DEBUG_INFORMATION_FORMAT = dwarf;
				ENABLE_STRICT_OBJC_MSGSEND = YES;
				ENABLE_TESTABILITY = YES;
				GCC_C_LANGUAGE_STANDARD = gnu11;
				GCC_DYNAMIC_NO_PIC = NO;
				GCC_NO_COMMON_BLOCKS = YES;
				GCC_OPTIMIZATION_LEVEL = 0;
				GCC_PREPROCESSOR_DEFINITIONS = (
					"DEBUG=1",
					"$(inherited)",
				);
				GCC_WARN_64_TO_32_BIT_CONVERSION = YES;
				GCC_WARN_ABOUT_RETURN_TYPE = YES_ERROR;
				GCC_WARN_UNDECLARED_SELECTOR = YES;
				GCC_WARN_UNINITIALIZED_AUTOS = YES_AGGRESSIVE;
				GCC_WARN_UNUSED_FUNCTION = YES;
				GCC_WARN_UNUSED_VARIABLE = YES;
				IPHONEOS_DEPLOYMENT_TARGET = 15.5;
				MTL_ENABLE_DEBUG_INFO = INCLUDE_SOURCE;
				MTL_FAST_MATH = YES;
				ONLY_ACTIVE_ARCH = YES;
				SDKROOT = iphoneos;
				SWIFT_ACTIVE_COMPILATION_CONDITIONS = DEBUG;
				SWIFT_OPTIMIZATION_LEVEL = "-Onone";
			};
			name = Debug;
		};
		B15EBFBC2A40FFCF0091BEE5 /* Release */ = {
			isa = XCBuildConfiguration;
			buildSettings = {
				ALWAYS_SEARCH_USER_PATHS = NO;
				CLANG_ANALYZER_NONNULL = YES;
				CLANG_ANALYZER_NUMBER_OBJECT_CONVERSION = YES_AGGRESSIVE;
				CLANG_CXX_LANGUAGE_STANDARD = "gnu++17";
				CLANG_ENABLE_MODULES = YES;
				CLANG_ENABLE_OBJC_ARC = YES;
				CLANG_ENABLE_OBJC_WEAK = YES;
				CLANG_WARN_BLOCK_CAPTURE_AUTORELEASING = YES;
				CLANG_WARN_BOOL_CONVERSION = YES;
				CLANG_WARN_COMMA = YES;
				CLANG_WARN_CONSTANT_CONVERSION = YES;
				CLANG_WARN_DEPRECATED_OBJC_IMPLEMENTATIONS = YES;
				CLANG_WARN_DIRECT_OBJC_ISA_USAGE = YES_ERROR;
				CLANG_WARN_DOCUMENTATION_COMMENTS = YES;
				CLANG_WARN_EMPTY_BODY = YES;
				CLANG_WARN_ENUM_CONVERSION = YES;
				CLANG_WARN_INFINITE_RECURSION = YES;
				CLANG_WARN_INT_CONVERSION = YES;
				CLANG_WARN_NON_LITERAL_NULL_CONVERSION = YES;
				CLANG_WARN_OBJC_IMPLICIT_RETAIN_SELF = YES;
				CLANG_WARN_OBJC_LITERAL_CONVERSION = YES;
				CLANG_WARN_OBJC_ROOT_CLASS = YES_ERROR;
				CLANG_WARN_QUOTED_INCLUDE_IN_FRAMEWORK_HEADER = YES;
				CLANG_WARN_RANGE_LOOP_ANALYSIS = YES;
				CLANG_WARN_STRICT_PROTOTYPES = YES;
				CLANG_WARN_SUSPICIOUS_MOVE = YES;
				CLANG_WARN_UNGUARDED_AVAILABILITY = YES_AGGRESSIVE;
				CLANG_WARN_UNREACHABLE_CODE = YES;
				CLANG_WARN__DUPLICATE_METHOD_MATCH = YES;
				COPY_PHASE_STRIP = NO;
				DEBUG_INFORMATION_FORMAT = "dwarf-with-dsym";
				ENABLE_NS_ASSERTIONS = NO;
				ENABLE_STRICT_OBJC_MSGSEND = YES;
				GCC_C_LANGUAGE_STANDARD = gnu11;
				GCC_NO_COMMON_BLOCKS = YES;
				GCC_WARN_64_TO_32_BIT_CONVERSION = YES;
				GCC_WARN_ABOUT_RETURN_TYPE = YES_ERROR;
				GCC_WARN_UNDECLARED_SELECTOR = YES;
				GCC_WARN_UNINITIALIZED_AUTOS = YES_AGGRESSIVE;
				GCC_WARN_UNUSED_FUNCTION = YES;
				GCC_WARN_UNUSED_VARIABLE = YES;
				IPHONEOS_DEPLOYMENT_TARGET = 15.5;
				MTL_ENABLE_DEBUG_INFO = NO;
				MTL_FAST_MATH = YES;
				SDKROOT = iphoneos;
				SWIFT_COMPILATION_MODE = wholemodule;
				SWIFT_OPTIMIZATION_LEVEL = "-O";
				VALIDATE_PRODUCT = YES;
			};
			name = Release;
		};
		B15EBFBE2A40FFCF0091BEE5 /* Debug */ = {
			isa = XCBuildConfiguration;
			baseConfigurationReference = 56450DD0B7AEA90FE7DB5909 /* Pods-CestaDaCica.debug.xcconfig */;
			buildSettings = {
				ASSETCATALOG_COMPILER_APPICON_NAME = AppIcon;
				ASSETCATALOG_COMPILER_GLOBAL_ACCENT_COLOR_NAME = AccentColor;
				CODE_SIGN_STYLE = Automatic;
				CURRENT_PROJECT_VERSION = 1;
				DEVELOPMENT_ASSET_PATHS = "\"CestaDaCica/Preview Content\"";
				DEVELOPMENT_TEAM = QFL3TKB7D4;
				ENABLE_PREVIEWS = YES;
				GENERATE_INFOPLIST_FILE = YES;
				INFOPLIST_KEY_UIApplicationSceneManifest_Generation = YES;
				INFOPLIST_KEY_UIApplicationSupportsIndirectInputEvents = YES;
				INFOPLIST_KEY_UILaunchScreen_Generation = YES;
				INFOPLIST_KEY_UISupportedInterfaceOrientations_iPad = "UIInterfaceOrientationPortrait UIInterfaceOrientationPortraitUpsideDown UIInterfaceOrientationLandscapeLeft UIInterfaceOrientationLandscapeRight";
				INFOPLIST_KEY_UISupportedInterfaceOrientations_iPhone = "UIInterfaceOrientationPortrait UIInterfaceOrientationLandscapeLeft UIInterfaceOrientationLandscapeRight";
				LD_RUNPATH_SEARCH_PATHS = (
					"$(inherited)",
					"@executable_path/Frameworks",
				);
				MARKETING_VERSION = 1.0;
				PRODUCT_BUNDLE_IDENTIFIER = "https---github.com-bertiGrazi.CestaDaCica";
				PRODUCT_NAME = "$(TARGET_NAME)";
				SWIFT_EMIT_LOC_STRINGS = YES;
				SWIFT_VERSION = 5.0;
				TARGETED_DEVICE_FAMILY = "1,2";
			};
			name = Debug;
		};
		B15EBFBF2A40FFCF0091BEE5 /* Release */ = {
			isa = XCBuildConfiguration;
			baseConfigurationReference = EDE4B8DE49113ED57FAC02E5 /* Pods-CestaDaCica.release.xcconfig */;
			buildSettings = {
				ASSETCATALOG_COMPILER_APPICON_NAME = AppIcon;
				ASSETCATALOG_COMPILER_GLOBAL_ACCENT_COLOR_NAME = AccentColor;
				CODE_SIGN_STYLE = Automatic;
				CURRENT_PROJECT_VERSION = 1;
				DEVELOPMENT_ASSET_PATHS = "\"CestaDaCica/Preview Content\"";
				DEVELOPMENT_TEAM = QFL3TKB7D4;
				ENABLE_PREVIEWS = YES;
				GENERATE_INFOPLIST_FILE = YES;
				INFOPLIST_KEY_UIApplicationSceneManifest_Generation = YES;
				INFOPLIST_KEY_UIApplicationSupportsIndirectInputEvents = YES;
				INFOPLIST_KEY_UILaunchScreen_Generation = YES;
				INFOPLIST_KEY_UISupportedInterfaceOrientations_iPad = "UIInterfaceOrientationPortrait UIInterfaceOrientationPortraitUpsideDown UIInterfaceOrientationLandscapeLeft UIInterfaceOrientationLandscapeRight";
				INFOPLIST_KEY_UISupportedInterfaceOrientations_iPhone = "UIInterfaceOrientationPortrait UIInterfaceOrientationLandscapeLeft UIInterfaceOrientationLandscapeRight";
				LD_RUNPATH_SEARCH_PATHS = (
					"$(inherited)",
					"@executable_path/Frameworks",
				);
				MARKETING_VERSION = 1.0;
				PRODUCT_BUNDLE_IDENTIFIER = "https---github.com-bertiGrazi.CestaDaCica";
				PRODUCT_NAME = "$(TARGET_NAME)";
				SWIFT_EMIT_LOC_STRINGS = YES;
				SWIFT_VERSION = 5.0;
				TARGETED_DEVICE_FAMILY = "1,2";
			};
			name = Release;
		};
/* End XCBuildConfiguration section */

/* Begin XCConfigurationList section */
		B15EBFAA2A40FFCE0091BEE5 /* Build configuration list for PBXProject "CestaDaCica" */ = {
			isa = XCConfigurationList;
			buildConfigurations = (
				B15EBFBB2A40FFCF0091BEE5 /* Debug */,
				B15EBFBC2A40FFCF0091BEE5 /* Release */,
			);
			defaultConfigurationIsVisible = 0;
			defaultConfigurationName = Release;
		};
		B15EBFBD2A40FFCF0091BEE5 /* Build configuration list for PBXNativeTarget "CestaDaCica" */ = {
			isa = XCConfigurationList;
			buildConfigurations = (
				B15EBFBE2A40FFCF0091BEE5 /* Debug */,
				B15EBFBF2A40FFCF0091BEE5 /* Release */,
			);
			defaultConfigurationIsVisible = 0;
			defaultConfigurationName = Release;
		};
/* End XCConfigurationList section */
	};
	rootObject = B15EBFA72A40FFCE0091BEE5 /* Project object */;
}
